{
  "projects": [
    {
      "projectId": "58GpZjZCWTaJ8AUhpCwt2K",
      "version": "3.26.0",
      "dependencies": {},
      "lang": "ts",
      "fileLocks": [
        {
          "assetId": "58GpZjZCWTaJ8AUhpCwt2K",
          "type": "projectCss",
          "checksum": "fd84921cc10936e6ceb458c2ae01c4bd"
        }
      ],
      "codegenVersion": "0.0.1"
    },
    {
      "projectId": "7nJ7UcFmq9UzB6eXfC5z4a",
      "version": "0.29.0",
      "dependencies": {},
      "lang": "ts",
      "fileLocks": [
        {
          "assetId": "7nJ7UcFmq9UzB6eXfC5z4a",
          "type": "projectCss",
          "checksum": "05587b57f22f0ec8bb54543deb39762e"
        }
      ],
      "codegenVersion": "0.0.1"
    },
    {
      "projectId": "h7nsvXB4obAB7ugEVRbAmZ",
      "version": "latest",
      "dependencies": {
        "7nJ7UcFmq9UzB6eXfC5z4a": "0.29.0",
        "58GpZjZCWTaJ8AUhpCwt2K": "3.26.0"
      },
      "lang": "ts",
      "fileLocks": [
        {
          "type": "globalVariant",
          "assetId": "3UKOc2gwR38_",
          "checksum": "b5ed8fd704b8f9373faa108d6d37d81c"
        },
        {
          "assetId": "h7nsvXB4obAB7ugEVRbAmZ",
          "type": "projectCss",
          "checksum": "961dd0a7c389088bde5fcf2ec74578eb"
        },
        {
          "type": "renderModule",
          "assetId": "4Uh_rvNW2unK",
          "checksum": "dd6ad3c78dd16668c9114b0366c2bb05"
        },
        {
          "type": "cssRules",
          "assetId": "4Uh_rvNW2unK",
          "checksum": "dd6ad3c78dd16668c9114b0366c2bb05"
        },
        {
          "type": "renderModule",
          "assetId": "clpueSjEXvrV",
          "checksum": "16622ad37c7735ccddccb4e53c7563b4"
        },
        {
          "type": "cssRules",
          "assetId": "clpueSjEXvrV",
          "checksum": "16622ad37c7735ccddccb4e53c7563b4"
        },
        {
          "type": "renderModule",
          "assetId": "iJYcRUEygRy7",
          "checksum": "1afb3c9a67f6b1a821a85f193c1574a0"
        },
        {
          "type": "cssRules",
          "assetId": "iJYcRUEygRy7",
          "checksum": "1afb3c9a67f6b1a821a85f193c1574a0"
        },
        {
          "type": "renderModule",
          "assetId": "FU8P5fUkKSfQ",
          "checksum": "40fe934e6fda7e2209b775d6dbe8383e"
        },
        {
          "type": "cssRules",
          "assetId": "FU8P5fUkKSfQ",
          "checksum": "40fe934e6fda7e2209b775d6dbe8383e"
        },
        {
          "type": "renderModule",
          "assetId": "JLj44_d4w8Rm",
          "checksum": "d425d9a630fbae24b62129f4988a140e"
        },
        {
          "type": "cssRules",
          "assetId": "JLj44_d4w8Rm",
          "checksum": "d425d9a630fbae24b62129f4988a140e"
        },
        {
          "type": "renderModule",
          "assetId": "ZcrN2AoyHRzL",
          "checksum": "5c4fc4d6d9b27c5927b0940d40e41449"
        },
        {
          "type": "cssRules",
          "assetId": "ZcrN2AoyHRzL",
          "checksum": "5c4fc4d6d9b27c5927b0940d40e41449"
        },
        {
          "type": "renderModule",
          "assetId": "XhdG6ZUHROpL",
          "checksum": "d27041427ac524a4eba482b200528afc"
        },
        {
          "type": "cssRules",
          "assetId": "XhdG6ZUHROpL",
          "checksum": "d27041427ac524a4eba482b200528afc"
        },
        {
          "type": "renderModule",
          "assetId": "m3oB76jpubT_",
          "checksum": "6566b7dba9358487448c73ee00368d34"
        },
        {
          "type": "cssRules",
          "assetId": "m3oB76jpubT_",
          "checksum": "6566b7dba9358487448c73ee00368d34"
        },
        {
          "type": "renderModule",
          "assetId": "yePFqqqVINaN",
          "checksum": "6c503ee5c900a8d3683c45ea85851cfe"
        },
        {
          "type": "cssRules",
          "assetId": "yePFqqqVINaN",
          "checksum": "6c503ee5c900a8d3683c45ea85851cfe"
        },
        {
          "type": "renderModule",
          "assetId": "b01Mxa5aE4XI",
          "checksum": "0d4ace81fbc2744094450f92ed3f29b5"
        },
        {
          "type": "cssRules",
          "assetId": "b01Mxa5aE4XI",
          "checksum": "0d4ace81fbc2744094450f92ed3f29b5"
        },
        {
          "type": "icon",
          "assetId": "zpYJpidL_wRi",
          "checksum": "7a4527e4c9c3fddee862f9c46316dbe7"
        },
        {
          "type": "icon",
          "assetId": "f0WwB25ECFZn",
          "checksum": "9741d449df187f0683cfc669303645c1"
        },
        {
          "type": "icon",
          "assetId": "z2UQWeiDMr7c",
          "checksum": "665fa506bfb9eb606da8b297accf7a34"
        },
        {
          "type": "icon",
          "assetId": "5yOY_DD9QfzS",
          "checksum": "c4afe7d77c6c5c9b74c920c2d9222463"
        },
        {
          "type": "icon",
          "assetId": "sS4epbQrOTFH",
          "checksum": "aefba2389ade61bde92ff5efdaa5496a"
        },
        {
          "type": "icon",
          "assetId": "MWI3PDCvNl5G",
          "checksum": "e93d66d6f4a473ab7a36de747831ef0e"
        },
        {
          "type": "icon",
          "assetId": "n24iMSGQ9oaD",
          "checksum": "afbb8f7a1a32df458e916bf15a806d9e"
        },
        {
          "type": "icon",
          "assetId": "0KQfJBRs26qs",
          "checksum": "033c4a9def484f3e1b8972219aa7cd6c"
        },
        {
          "type": "icon",
          "assetId": "Gn3i5sHjgvT8",
          "checksum": "0da2b803fee1e946e95c36635fc34572"
        },
        {
          "type": "icon",
          "assetId": "n6e7WM6dQm3h",
          "checksum": "4e7f638fc850348293f18e2f0208d19b"
        },
        {
          "type": "image",
          "assetId": "GWh9nG0LL1n7",
          "checksum": "cbaa2390c739b588cd8e337cc366a9ef"
        },
        {
          "type": "image",
          "assetId": "pPeWqUdjuqtW",
          "checksum": "be4ebe89533fcc2ce6da3b71dc9b57bc"
        },
        {
          "type": "image",
          "assetId": "7-cT_yPZ8Re_",
          "checksum": "a5cba35329254958bea3d68574a7f3e7"
        },
        {
          "type": "image",
          "assetId": "O5pk6oFl7e3J",
          "checksum": "9bc1235068a988fdde7a66a6550e246f"
        },
        {
          "type": "image",
          "assetId": "_6AANoaPe61K",
          "checksum": "afeb1e09455a24c82c254d9d9f423aee"
        },
        {
          "type": "image",
          "assetId": "A8U30O8Id-IE",
          "checksum": "a0c9d143d058e097f8c5806b91ba5c63"
        },
        {
          "type": "image",
          "assetId": "CZLtD7DnOrCX",
          "checksum": "bb7f1b2ab62fc55018ab9bc13a95832b"
        },
        {
          "type": "image",
          "assetId": "bmtaSUHqbChi",
          "checksum": "03ab9353df64d9eabad72a4b6818e36e"
        },
        {
          "type": "image",
          "assetId": "J0m6lJ-rxdPd",
          "checksum": "63e3f3d301af8792c515e9cadae10416"
        },
        {
          "type": "image",
          "assetId": "iJSiacsVGU9M",
          "checksum": "8a5392d69ec1f90d10cc165461b6e99c"
        },
        {
          "type": "image",
          "assetId": "SlP5M57lIPul",
          "checksum": "4f7c725a998ad6a6fcbdfe02433c77ef"
        },
        {
          "type": "image",
          "assetId": "R1gYGn0ScpQk",
          "checksum": "f155d9c40e042e4928d982c2aded6263"
        },
        {
          "type": "image",
          "assetId": "zF6Wc9g1VdTS",
          "checksum": "3e4236f0119e1d90ad0355e699f39a68"
        },
        {
          "type": "image",
          "assetId": "25EBwrvZtIfl",
          "checksum": "af57cfa96126c1ef46ee2b53b6685375"
        },
        {
          "type": "image",
          "assetId": "Ne4yQPVZN-xh",
          "checksum": "494b943ef4a5abd68a6cb5b710a265b5"
        },
        {
          "type": "image",
          "assetId": "mzNChnyaNcVl",
          "checksum": "2405f773478500c4352b7b43ef9985f3"
        },
        {
          "type": "image",
          "assetId": "Q3yIz_y914sK",
          "checksum": "f8630c480ec96173e5b4eee0fa32444b"
        },
        {
          "type": "image",
          "assetId": "Fy7pTkJTtfuE",
          "checksum": "bfcc3af6b3b591b3212a04c6101ab908"
        },
        {
          "type": "image",
          "assetId": "cyUpxJObfsZ_",
          "checksum": "0ed1d3c2ff2b0e9bbaff2b7faeeb40e3"
        },
        {
          "type": "image",
          "assetId": "zbWTVwZ2Rsh4",
          "checksum": "dc1d192544626108f1fdff33ce84c721"
        },
        {
          "type": "image",
          "assetId": "O2f8nxlzp1C8",
          "checksum": "fac8032abebafbdaf8b4bddbbaba1278"
        },
        {
          "type": "image",
          "assetId": "5_C3ix1H4Hu-",
          "checksum": "ea6f5cb9d99af9f81be0ee05211f6696"
        },
        {
          "type": "image",
          "assetId": "Ki8zblPneleG",
          "checksum": "e8e8c519389696a4d56b103697a29505"
        },
        {
          "type": "image",
          "assetId": "oj47PfzAbDDg",
          "checksum": "b003c3b2080d68fc56f8a3d4e49288df"
        },
        {
          "type": "image",
          "assetId": "VTzx0QhAN3EE",
          "checksum": "862a4781d605df04f908805f0d94b26f"
        },
        {
          "type": "image",
          "assetId": "CBaDxfhrHgQM",
          "checksum": "31ad057ae64efd49872d334104791878"
        },
        {
          "type": "image",
          "assetId": "PM-04N2QHG8h",
          "checksum": "23ae60e62157c560a926c41eee59610b"
        },
        {
          "type": "image",
          "assetId": "Gf-DKz1k2IrU",
          "checksum": "eb2e78de6c17b2d7780408bdb1ee66be"
        },
        {
          "type": "image",
          "assetId": "Ta5pWoGZarlM",
          "checksum": "b657188d91cb81d0659c0fbfcf9e31b0"
        },
        {
          "type": "image",
          "assetId": "VfR-s7Cwn8Ox",
          "checksum": "4c45b0a250c3ec299006a2e98ea8ef45"
        },
        {
          "type": "image",
          "assetId": "rKvyTWE_vs6O",
          "checksum": "03b21d2e1cd48c1f6c65a98dfe717c08"
        },
        {
          "type": "image",
          "assetId": "-PtPFZ701MaP",
          "checksum": "321ab871ea41f51a558227d339dc36c9"
        },
        {
          "type": "image",
          "assetId": "d7epmAQzyPne",
          "checksum": "c74ce5d838e1653670e6ad735864a669"
        },
        {
          "type": "image",
          "assetId": "SqQSJMn3Omyr",
          "checksum": "316a5e4047caae05b94b547c48ec1092"
        },
        {
          "type": "image",
          "assetId": "8tZzeQ78qRek",
          "checksum": "86170f8d0c2afe9927c8d75d2bc3121f"
        },
        {
          "type": "image",
          "assetId": "69aa9pYN1l_x",
          "checksum": "6c62ade4989ef3052a3be8d718c36aae"
        },
        {
          "type": "image",
          "assetId": "QDG8bJw3akYw",
          "checksum": "24a435ee80ed10218a7ffae2d61a42c5"
        },
        {
          "type": "image",
          "assetId": "ydHu8ZgTHVD9",
          "checksum": "8b1284121408be0c3fdaf3995eac45bf"
        },
        {
          "type": "image",
          "assetId": "wmSl3Cf3QOsY",
          "checksum": "f7325e51207201d18d9ed910034a8705"
        },
        {
          "type": "image",
          "assetId": "5nrvmWUaDhMY",
          "checksum": "a1869b0731fe03ac909fd64c1f46ad94"
        },
        {
          "type": "image",
          "assetId": "6o9abxQhTOFb",
          "checksum": "f3fc73d3f0d5d5f6b4ac1c222f7aa97a"
        },
        {
          "type": "image",
          "assetId": "F2Nk3xkIes_H",
          "checksum": "024bf688285cc77fda5dd705a58ee4e0"
        },
        {
          "type": "image",
          "assetId": "RdMf2jbDyG31",
          "checksum": "facee8f71ab8a0c94ea53a617ddbc49e"
        },
        {
          "type": "image",
          "assetId": "qPvvpIES_Ydr",
          "checksum": "377653c4db1b395e56fd5adaeed36861"
        }
      ],
      "codegenVersion": "0.0.1"
    }
  ],
  "cliVersion": "0.1.334"
}
